
Microsoft Visual Studio Solution File, Format Version 12.00
# Visual Studio Version 17
VisualStudioVersion = 17.3.32929.385
MinimumVisualStudioVersion = 10.0.40219.1
Project("{9A19103F-16F7-4668-BE54-9A1E7A4F7556}") = "FullStack.Api", "FullStack.Api.csproj", "{250C5DEC-0815-4F51-90AD-7973141E3B55}"
EndProject
Global
	GlobalSection(SolutionConfigurationPlatforms) = preSolution
		Debug|Any CPU = Debug|Any CPU
		Release|Any CPU = Release|Any CPU
	EndGlobalSection
	GlobalSection(ProjectConfigurationPlatforms) = postSolution
		{250C5DEC-0815-4F51-90AD-7973141E3B55}.Debug|Any CPU.ActiveCfg = Debug|Any CPU
		{250C5DEC-0815-4F51-90AD-7973141E3B55}.Debug|Any CPU.Build.0 = Debug|Any CPU
		{250C5DEC-0815-4F51-90AD-7973141E3B55}.Release|Any CPU.ActiveCfg = Release|Any CPU
		{250C5DEC-0815-4F51-90AD-7973141E3B55}.Release|Any CPU.Build.0 = Release|Any CPU
	EndGlobalSection
	GlobalSection(SolutionProperties) = preSolution
		HideSolutionNode = FALSE
	EndGlobalSection
	GlobalSection(ExtensibilityGlobals) = postSolution
		SolutionGuid = {E65D9461-D009-4418-8195-D0EAAD9E3C5C}
	EndGlobalSection
EndGlobal
